
Microsoft Visual Studio Solution File, Format Version 12.00
# Visual Studio Version 17
VisualStudioVersion = 17.14.36221.1 d17.14
MinimumVisualStudioVersion = 10.0.40219.1
Project("{FAE04EC0-301F-11D3-BF4B-00C04F79EFBC}") = "BankKycSystem", "BankKycSystem.csproj", "{43DBB2C6-A0CD-4D37-B05E-EC14D91E53B5}"
EndProject
Global
	GlobalSection(SolutionConfigurationPlatforms) = preSolution
		Debug|Any CPU = Debug|Any CPU
		Release|Any CPU = Release|Any CPU
	EndGlobalSection
	GlobalSection(ProjectConfigurationPlatforms) = postSolution
		{43DBB2C6-A0CD-4D37-B05E-EC14D91E53B5}.Debug|Any CPU.ActiveCfg = Debug|Any CPU
		{43DBB2C6-A0CD-4D37-B05E-EC14D91E53B5}.Debug|Any CPU.Build.0 = Debug|Any CPU
		{43DBB2C6-A0CD-4D37-B05E-EC14D91E53B5}.Release|Any CPU.ActiveCfg = Release|Any CPU
		{43DBB2C6-A0CD-4D37-B05E-EC14D91E53B5}.Release|Any CPU.Build.0 = Release|Any CPU
	EndGlobalSection
	GlobalSection(SolutionProperties) = preSolution
		HideSolutionNode = FALSE
	EndGlobalSection
	GlobalSection(ExtensibilityGlobals) = postSolution
		SolutionGuid = {00E970BA-F7F1-47FC-A8A5-3E1180FC7504}
	EndGlobalSection
EndGlobal
